PODS:
  - Flutter (1.0.0)
  - openpay_plugin_sdk (0.0.1):
    - Flutter

DEPENDENCIES:
  - Flutter (from `Flutter`)
  - openpay_plugin_sdk (from `.symlinks/plugins/openpay_plugin_sdk/ios`)

EXTERNAL SOURCES:
  Flutter:
    :path: Flutter
  openpay_plugin_sdk:
    :path: ".symlinks/plugins/openpay_plugin_sdk/ios"

SPEC CHECKSUMS:
  Flutter: 50d75fe2f02b26cc09d224853bb45737f8b3214a
  openpay_plugin_sdk: 9b190906d63012442c789448e3f20a78ff175534

PODFILE CHECKSUM: aafe91acc616949ddb318b77800a7f51bffa2a4c

COCOAPODS: 1.11.3
